
Microsoft Visual Studio Solution File, Format Version 12.00
# Visual Studio 2012
Project("{FAE04EC0-301F-11D3-BF4B-00C04F79EFBC}") = "MyWebAPIServer", "ConsoleApplication1\MyWebAPIServer.csproj", "{A15C1A3D-7432-4D06-BD81-3EE17CC94D26}"
EndProject
Project("{2150E333-8FDC-42A3-9474-1A3956D46DE8}") = ".nuget", ".nuget", "{627531ED-DC62-44A5-BA76-83DD95ECABB1}"
	ProjectSection(SolutionItems) = preProject
		.nuget\NuGet.Config = .nuget\NuGet.Config
		.nuget\NuGet.exe = .nuget\NuGet.exe
		.nuget\NuGet.targets = .nuget\NuGet.targets
	EndProjectSection
EndProject
Global
	GlobalSection(SolutionConfigurationPlatforms) = preSolution
		Debug|Any CPU = Debug|Any CPU
		Release|Any CPU = Release|Any CPU
	EndGlobalSection
	GlobalSection(ProjectConfigurationPlatforms) = postSolution
		{A15C1A3D-7432-4D06-BD81-3EE17CC94D26}.Debug|Any CPU.ActiveCfg = Debug|Any CPU
		{A15C1A3D-7432-4D06-BD81-3EE17CC94D26}.Debug|Any CPU.Build.0 = Debug|Any CPU
		{A15C1A3D-7432-4D06-BD81-3EE17CC94D26}.Release|Any CPU.ActiveCfg = Release|Any CPU
		{A15C1A3D-7432-4D06-BD81-3EE17CC94D26}.Release|Any CPU.Build.0 = Release|Any CPU
	EndGlobalSection
	GlobalSection(SolutionProperties) = preSolution
		HideSolutionNode = FALSE
	EndGlobalSection
EndGlobal
